
Microsoft Visual Studio Solution File, Format Version 12.00
# Visual Studio Version 16
VisualStudioVersion = 16.0.31515.178
MinimumVisualStudioVersion = 10.0.40219.1
Project("{9A19103F-16F7-4668-BE54-9A1E7A4F7556}") = "User_CRUD_Latest", "User_CRUD_Latest\User_CRUD_Latest.csproj", "{B85503E5-1633-4ABF-8E1B-750F8039D2B6}"
EndProject
Global
	GlobalSection(SolutionConfigurationPlatforms) = preSolution
		Debug|Any CPU = Debug|Any CPU
		Release|Any CPU = Release|Any CPU
	EndGlobalSection
	GlobalSection(ProjectConfigurationPlatforms) = postSolution
		{B85503E5-1633-4ABF-8E1B-750F8039D2B6}.Debug|Any CPU.ActiveCfg = Debug|Any CPU
		{B85503E5-1633-4ABF-8E1B-750F8039D2B6}.Debug|Any CPU.Build.0 = Debug|Any CPU
		{B85503E5-1633-4ABF-8E1B-750F8039D2B6}.Release|Any CPU.ActiveCfg = Release|Any CPU
		{B85503E5-1633-4ABF-8E1B-750F8039D2B6}.Release|Any CPU.Build.0 = Release|Any CPU
	EndGlobalSection
	GlobalSection(SolutionProperties) = preSolution
		HideSolutionNode = FALSE
	EndGlobalSection
	GlobalSection(ExtensibilityGlobals) = postSolution
		SolutionGuid = {4EDD0FC2-A5AE-4CC4-88F3-0B69EDA203FA}
	EndGlobalSection
EndGlobal
